{
  "name": "config-in-files_ex-simple",
  "version": "1.0.0",
  "lockfileVersion": 3,
  "requires": true,
  "packages": {
    "": {
      "name": "config-in-files_ex-simple",
      "version": "1.0.0",
      "license": "ISC",
      "dependencies": {
        "config-in-files": "file:../.."
      }
    },
    "../..": {
      "version": "1.0.0",
      "license": "ISC"
    },
    "node_modules/config-in-files": {
      "resolved": "../..",
      "link": true
    }
  }
}
