{
  "name": "config-in-files_ex-simple",
  "version": "1.0.0",
  "lockfileVersion": 3,
  "requires": true,
  "packages": {
    "": {
      "name": "config-in-files_ex-simple",
      "version": "1.0.0",
      "license": "ISC",
      "dependencies": {
        "config-in-files": "^1.0.0"
      }
    },
    "../..": {
      "name": "config-in-files",
      "version": "1.0.0",
      "extraneous": true,
      "license": "ISC"
    },
    "node_modules/config-in-files": {
      "version": "1.0.0",
      "resolved": "https://registry.npmjs.org/config-in-files/-/config-in-files-1.0.0.tgz",
      "integrity": "sha512-icgT9YLZ8YGfOxm4wBc6KFAbAmX4CjVlf7tav0jrfjMrvYlj56NIPtHb3Mg0S0tTuMaC4UlqanZBbWDL94Sb3A=="
    }
  }
}
